
Microsoft Visual Studio Solution File, Format Version 12.00
# Visual Studio Version 17
VisualStudioVersion = 17.0.31919.166
MinimumVisualStudioVersion = 10.0.40219.1
Project("{FAE04EC0-301F-11D3-BF4B-00C04F79EFBC}") = "TrainingAuthentication", "Authentication\TrainingAuthentication.csproj", "{84DCE8B6-B8FC-4B39-8035-ED409688E5DF}"
EndProject
Global
	GlobalSection(SolutionConfigurationPlatforms) = preSolution
		Debug|Any CPU = Debug|Any CPU
		Release|Any CPU = Release|Any CPU
	EndGlobalSection
	GlobalSection(ProjectConfigurationPlatforms) = postSolution
		{84DCE8B6-B8FC-4B39-8035-ED409688E5DF}.Debug|Any CPU.ActiveCfg = Debug|Any CPU
		{84DCE8B6-B8FC-4B39-8035-ED409688E5DF}.Debug|Any CPU.Build.0 = Debug|Any CPU
		{84DCE8B6-B8FC-4B39-8035-ED409688E5DF}.Release|Any CPU.ActiveCfg = Release|Any CPU
		{84DCE8B6-B8FC-4B39-8035-ED409688E5DF}.Release|Any CPU.Build.0 = Release|Any CPU
	EndGlobalSection
	GlobalSection(SolutionProperties) = preSolution
		HideSolutionNode = FALSE
	EndGlobalSection
	GlobalSection(ExtensibilityGlobals) = postSolution
		SolutionGuid = {ED4D7378-38FF-4188-9802-0D54DFC2130C}
	EndGlobalSection
EndGlobal
